
Microsoft Visual Studio Solution File, Format Version 12.00
# Visual Studio Version 17
VisualStudioVersion = 17.10.34916.146
MinimumVisualStudioVersion = 10.0.40219.1
Project("{9A19103F-16F7-4668-BE54-9A1E7A4F7556}") = "RabbitMQ", "RabbitMQ.csproj", "{A0B36D92-FCCE-4A59-820E-9A12E5BCD211}"
EndProject
Project("{FAE04EC0-301F-11D3-BF4B-00C04F79EFBC}") = "ConsumerPr", "..\ConsumerPr\ConsumerPr.csproj", "{C682FFD5-9A1C-4866-A4C6-844739C9AEF3}"
EndProject
Global
	GlobalSection(SolutionConfigurationPlatforms) = preSolution
		Debug|Any CPU = Debug|Any CPU
		Release|Any CPU = Release|Any CPU
	EndGlobalSection
	GlobalSection(ProjectConfigurationPlatforms) = postSolution
		{A0B36D92-FCCE-4A59-820E-9A12E5BCD211}.Debug|Any CPU.ActiveCfg = Debug|Any CPU
		{A0B36D92-FCCE-4A59-820E-9A12E5BCD211}.Debug|Any CPU.Build.0 = Debug|Any CPU
		{A0B36D92-FCCE-4A59-820E-9A12E5BCD211}.Release|Any CPU.ActiveCfg = Release|Any CPU
		{A0B36D92-FCCE-4A59-820E-9A12E5BCD211}.Release|Any CPU.Build.0 = Release|Any CPU
		{C682FFD5-9A1C-4866-A4C6-844739C9AEF3}.Debug|Any CPU.ActiveCfg = Debug|Any CPU
		{C682FFD5-9A1C-4866-A4C6-844739C9AEF3}.Debug|Any CPU.Build.0 = Debug|Any CPU
		{C682FFD5-9A1C-4866-A4C6-844739C9AEF3}.Release|Any CPU.ActiveCfg = Release|Any CPU
		{C682FFD5-9A1C-4866-A4C6-844739C9AEF3}.Release|Any CPU.Build.0 = Release|Any CPU
	EndGlobalSection
	GlobalSection(SolutionProperties) = preSolution
		HideSolutionNode = FALSE
	EndGlobalSection
	GlobalSection(ExtensibilityGlobals) = postSolution
		SolutionGuid = {8606F375-1553-4A61-AB8E-640BBA0684CB}
	EndGlobalSection
EndGlobal
